// !$*UTF8*$!
{
	archiveVersion = 1;
	classes = {
	};
	objectVersion = 46;
	objects = {

/* Begin PBXBuildFile section */
		8E733D031BD3CC5000DF108A /* TraktAPIClient.m in Sources */ = {isa = PBXBuildFile; fileRef = 8E733D021BD3CC5000DF108A /* TraktAPIClient.m */; };
		8E733D071BD4038400DF108A /* Movie.m in Sources */ = {isa = PBXBuildFile; fileRef = 8E733D061BD4038400DF108A /* Movie.m */; };
		8E733D0D1BD4128600DF108A /* SearchResultCell.xib in Resources */ = {isa = PBXBuildFile; fileRef = 8E733D0C1BD4128600DF108A /* SearchResultCell.xib */; };
		8E733D131BD41EAC00DF108A /* SearchResultCell.m in Sources */ = {isa = PBXBuildFile; fileRef = 8E733D121BD41EAC00DF108A /* SearchResultCell.m */; };
		8E733D151BD4277F00DF108A /* NothingFoundCell.xib in Resources */ = {isa = PBXBuildFile; fileRef = 8E733D141BD4277F00DF108A /* NothingFoundCell.xib */; };
		8E8035111BD170A2000BE4F7 /* main.m in Sources */ = {isa = PBXBuildFile; fileRef = 8E8035101BD170A2000BE4F7 /* main.m */; };
		8E8035141BD170A2000BE4F7 /* AppDelegate.m in Sources */ = {isa = PBXBuildFile; fileRef = 8E8035131BD170A2000BE4F7 /* AppDelegate.m */; };
		8E8035171BD170A2000BE4F7 /* SearchViewController.m in Sources */ = {isa = PBXBuildFile; fileRef = 8E8035161BD170A2000BE4F7 /* SearchViewController.m */; };
		8E80351A1BD170A3000BE4F7 /* Main.storyboard in Resources */ = {isa = PBXBuildFile; fileRef = 8E8035181BD170A2000BE4F7 /* Main.storyboard */; };
		8E80351C1BD170A3000BE4F7 /* Images.xcassets in Resources */ = {isa = PBXBuildFile; fileRef = 8E80351B1BD170A3000BE4F7 /* Images.xcassets */; };
		8E80351F1BD170A3000BE4F7 /* LaunchScreen.xib in Resources */ = {isa = PBXBuildFile; fileRef = 8E80351D1BD170A3000BE4F7 /* LaunchScreen.xib */; };
		8E80352B1BD170A3000BE4F7 /* DigTraktTests.m in Sources */ = {isa = PBXBuildFile; fileRef = 8E80352A1BD170A3000BE4F7 /* DigTraktTests.m */; };
		8ECA76AD1BD2940D00784C5E /* Constants.m in Sources */ = {isa = PBXBuildFile; fileRef = 8ECA76AC1BD2940D00784C5E /* Constants.m */; };
		BC9534BB740653889466C03E /* libPods-DigTrakt.a in Frameworks */ = {isa = PBXBuildFile; fileRef = E4FD7420F199A18E1289E5F0 /* libPods-DigTrakt.a */; };
/* End PBXBuildFile section */

/* Begin PBXContainerItemProxy section */
		8E8035251BD170A3000BE4F7 /* PBXContainerItemProxy */ = {
			isa = PBXContainerItemProxy;
			containerPortal = 8E8035031BD170A2000BE4F7 /* Project object */;
			proxyType = 1;
			remoteGlobalIDString = 8E80350A1BD170A2000BE4F7;
			remoteInfo = DigTrakt;
		};
/* End PBXContainerItemProxy section */

/* Begin PBXFileReference section */
		8E733D011BD3CC5000DF108A /* TraktAPIClient.h */ = {isa = PBXFileReference; fileEncoding = 4; lastKnownFileType = sourcecode.c.h; path = TraktAPIClient.h; sourceTree = "<group>"; };
		8E733D021BD3CC5000DF108A /* TraktAPIClient.m */ = {isa = PBXFileReference; fileEncoding = 4; lastKnownFileType = sourcecode.c.objc; path = TraktAPIClient.m; sourceTree = "<group>"; };
		8E733D051BD4038400DF108A /* Movie.h */ = {isa = PBXFileReference; fileEncoding = 4; lastKnownFileType = sourcecode.c.h; path = Movie.h; sourceTree = "<group>"; };
		8E733D061BD4038400DF108A /* Movie.m */ = {isa = PBXFileReference; fileEncoding = 4; lastKnownFileType = sourcecode.c.objc; path = Movie.m; sourceTree = "<group>"; };
		8E733D0C1BD4128600DF108A /* SearchResultCell.xib */ = {isa = PBXFileReference; fileEncoding = 4; lastKnownFileType = file.xib; path = SearchResultCell.xib; sourceTree = "<group>"; };
		8E733D111BD41EAC00DF108A /* SearchResultCell.h */ = {isa = PBXFileReference; fileEncoding = 4; lastKnownFileType = sourcecode.c.h; path = SearchResultCell.h; sourceTree = "<group>"; };
		8E733D121BD41EAC00DF108A /* SearchResultCell.m */ = {isa = PBXFileReference; fileEncoding = 4; lastKnownFileType = sourcecode.c.objc; path = SearchResultCell.m; sourceTree = "<group>"; };
		8E733D141BD4277F00DF108A /* NothingFoundCell.xib */ = {isa = PBXFileReference; fileEncoding = 4; lastKnownFileType = file.xib; path = NothingFoundCell.xib; sourceTree = "<group>"; };
		8E80350B1BD170A2000BE4F7 /* DigTrakt.app */ = {isa = PBXFileReference; explicitFileType = wrapper.application; includeInIndex = 0; path = DigTrakt.app; sourceTree = BUILT_PRODUCTS_DIR; };
		8E80350F1BD170A2000BE4F7 /* Info.plist */ = {isa = PBXFileReference; lastKnownFileType = text.plist.xml; path = Info.plist; sourceTree = "<group>"; };
		8E8035101BD170A2000BE4F7 /* main.m */ = {isa = PBXFileReference; lastKnownFileType = sourcecode.c.objc; path = main.m; sourceTree = "<group>"; };
		8E8035121BD170A2000BE4F7 /* AppDelegate.h */ = {isa = PBXFileReference; lastKnownFileType = sourcecode.c.h; path = AppDelegate.h; sourceTree = "<group>"; };
		8E8035131BD170A2000BE4F7 /* AppDelegate.m */ = {isa = PBXFileReference; lastKnownFileType = sourcecode.c.objc; path = AppDelegate.m; sourceTree = "<group>"; };
		8E8035151BD170A2000BE4F7 /* SearchViewController.h */ = {isa = PBXFileReference; lastKnownFileType = sourcecode.c.h; path = SearchViewController.h; sourceTree = "<group>"; };
		8E8035161BD170A2000BE4F7 /* SearchViewController.m */ = {isa = PBXFileReference; lastKnownFileType = sourcecode.c.objc; path = SearchViewController.m; sourceTree = "<group>"; };
		8E8035191BD170A3000BE4F7 /* Base */ = {isa = PBXFileReference; lastKnownFileType = file.storyboard; name = Base; path = Base.lproj/Main.storyboard; sourceTree = "<group>"; };
		8E80351B1BD170A3000BE4F7 /* Images.xcassets */ = {isa = PBXFileReference; lastKnownFileType = folder.assetcatalog; path = Images.xcassets; sourceTree = "<group>"; };
		8E80351E1BD170A3000BE4F7 /* Base */ = {isa = PBXFileReference; lastKnownFileType = file.xib; name = Base; path = Base.lproj/LaunchScreen.xib; sourceTree = "<group>"; };
		8E8035241BD170A3000BE4F7 /* DigTraktTests.xctest */ = {isa = PBXFileReference; explicitFileType = wrapper.cfbundle; includeInIndex = 0; path = DigTraktTests.xctest; sourceTree = BUILT_PRODUCTS_DIR; };
		8E8035291BD170A3000BE4F7 /* Info.plist */ = {isa = PBXFileReference; lastKnownFileType = text.plist.xml; path = Info.plist; sourceTree = "<group>"; };
		8E80352A1BD170A3000BE4F7 /* DigTraktTests.m */ = {isa = PBXFileReference; lastKnownFileType = sourcecode.c.objc; path = DigTraktTests.m; sourceTree = "<group>"; };
		8ECA76AC1BD2940D00784C5E /* Constants.m */ = {isa = PBXFileReference; fileEncoding = 4; lastKnownFileType = sourcecode.c.objc; path = Constants.m; sourceTree = "<group>"; };
		8ECA76AE1BD2942900784C5E /* Constants.h */ = {isa = PBXFileReference; lastKnownFileType = sourcecode.c.h; path = Constants.h; sourceTree = "<group>"; };
		CCCE97FADBAB75ACBDEBA50C /* Pods-DigTrakt.debug.xcconfig */ = {isa = PBXFileReference; includeInIndex = 1; lastKnownFileType = text.xcconfig; name = "Pods-DigTrakt.debug.xcconfig"; path = "Pods/Target Support Files/Pods-DigTrakt/Pods-DigTrakt.debug.xcconfig"; sourceTree = "<group>"; };
		CDDA26B38442169E2ABCDEF1 /* Pods-DigTrakt.release.xcconfig */ = {isa = PBXFileReference; includeInIndex = 1; lastKnownFileType = text.xcconfig; name = "Pods-DigTrakt.release.xcconfig"; path = "Pods/Target Support Files/Pods-DigTrakt/Pods-DigTrakt.release.xcconfig"; sourceTree = "<group>"; };
		E4FD7420F199A18E1289E5F0 /* libPods-DigTrakt.a */ = {isa = PBXFileReference; explicitFileType = archive.ar; includeInIndex = 0; path = "libPods-DigTrakt.a"; sourceTree = BUILT_PRODUCTS_DIR; };
/* End PBXFileReference section */

/* Begin PBXFrameworksBuildPhase section */
		8E8035081BD170A2000BE4F7 /* Frameworks */ = {
			isa = PBXFrameworksBuildPhase;
			buildActionMask = 2147483647;
			files = (
				BC9534BB740653889466C03E /* libPods-DigTrakt.a in Frameworks */,
			);
			runOnlyForDeploymentPostprocessing = 0;
		};
		8E8035211BD170A3000BE4F7 /* Frameworks */ = {
			isa = PBXFrameworksBuildPhase;
			buildActionMask = 2147483647;
			files = (
			);
			runOnlyForDeploymentPostprocessing = 0;
		};
/* End PBXFrameworksBuildPhase section */

/* Begin PBXGroup section */
		7B6F0EBC15458ECE3A7A4C58 /* Frameworks */ = {
			isa = PBXGroup;
			children = (
				E4FD7420F199A18E1289E5F0 /* libPods-DigTrakt.a */,
			);
			name = Frameworks;
			sourceTree = "<group>";
		};
		88D57654C2DA97D2BB96DD0D /* Pods */ = {
			isa = PBXGroup;
			children = (
				CCCE97FADBAB75ACBDEBA50C /* Pods-DigTrakt.debug.xcconfig */,
				CDDA26B38442169E2ABCDEF1 /* Pods-DigTrakt.release.xcconfig */,
			);
			name = Pods;
			sourceTree = "<group>";
		};
		8E8035021BD170A2000BE4F7 = {
			isa = PBXGroup;
			children = (
				8E80350D1BD170A2000BE4F7 /* DigTrakt */,
				8E8035271BD170A3000BE4F7 /* DigTraktTests */,
				8E80350C1BD170A2000BE4F7 /* Products */,
				88D57654C2DA97D2BB96DD0D /* Pods */,
				7B6F0EBC15458ECE3A7A4C58 /* Frameworks */,
			);
			sourceTree = "<group>";
		};
		8E80350C1BD170A2000BE4F7 /* Products */ = {
			isa = PBXGroup;
			children = (
				8E80350B1BD170A2000BE4F7 /* DigTrakt.app */,
				8E8035241BD170A3000BE4F7 /* DigTraktTests.xctest */,
			);
			name = Products;
			sourceTree = "<group>";
		};
		8E80350D1BD170A2000BE4F7 /* DigTrakt */ = {
			isa = PBXGroup;
			children = (
				8E8035121BD170A2000BE4F7 /* AppDelegate.h */,
				8E8035131BD170A2000BE4F7 /* AppDelegate.m */,
				8E8035151BD170A2000BE4F7 /* SearchViewController.h */,
				8E8035161BD170A2000BE4F7 /* SearchViewController.m */,
				8E733D011BD3CC5000DF108A /* TraktAPIClient.h */,
				8E733D021BD3CC5000DF108A /* TraktAPIClient.m */,
				8E733D051BD4038400DF108A /* Movie.h */,
				8E733D061BD4038400DF108A /* Movie.m */,
				8E733D111BD41EAC00DF108A /* SearchResultCell.h */,
				8E733D121BD41EAC00DF108A /* SearchResultCell.m */,
				8ECA76AE1BD2942900784C5E /* Constants.h */,
				8ECA76AC1BD2940D00784C5E /* Constants.m */,
				8E8035181BD170A2000BE4F7 /* Main.storyboard */,
				8E733D0C1BD4128600DF108A /* SearchResultCell.xib */,
				8E733D141BD4277F00DF108A /* NothingFoundCell.xib */,
				8E80351B1BD170A3000BE4F7 /* Images.xcassets */,
				8E80351D1BD170A3000BE4F7 /* LaunchScreen.xib */,
				8E80350E1BD170A2000BE4F7 /* Supporting Files */,
			);
			path = DigTrakt;
			sourceTree = "<group>";
		};
		8E80350E1BD170A2000BE4F7 /* Supporting Files */ = {
			isa = PBXGroup;
			children = (
				8E80350F1BD170A2000BE4F7 /* Info.plist */,
				8E8035101BD170A2000BE4F7 /* main.m */,
			);
			name = "Supporting Files";
			sourceTree = "<group>";
		};
		8E8035271BD170A3000BE4F7 /* DigTraktTests */ = {
			isa = PBXGroup;
			children = (
				8E80352A1BD170A3000BE4F7 /* DigTraktTests.m */,
				8E8035281BD170A3000BE4F7 /* Supporting Files */,
			);
			path = DigTraktTests;
			sourceTree = "<group>";
		};
		8E8035281BD170A3000BE4F7 /* Supporting Files */ = {
			isa = PBXGroup;
			children = (
				8E8035291BD170A3000BE4F7 /* Info.plist */,
			);
			name = "Supporting Files";
			sourceTree = "<group>";
		};
/* End PBXGroup section */

/* Begin PBXNativeTarget section */
		8E80350A1BD170A2000BE4F7 /* DigTrakt */ = {
			isa = PBXNativeTarget;
			buildConfigurationList = 8E80352E1BD170A3000BE4F7 /* Build configuration list for PBXNativeTarget "DigTrakt" */;
			buildPhases = (
				8EE4EC569A4420EFE5C59F37 /* Check Pods Manifest.lock */,
				8E8035071BD170A2000BE4F7 /* Sources */,
				8E8035081BD170A2000BE4F7 /* Frameworks */,
				8E8035091BD170A2000BE4F7 /* Resources */,
				1DDA45C671F1F1AEAD57085C /* Embed Pods Frameworks */,
				8F7A1DE9050CE613D9A57AB5 /* Copy Pods Resources */,
			);
			buildRules = (
			);
			dependencies = (
			);
			name = DigTrakt;
			productName = DigTrakt;
			productReference = 8E80350B1BD170A2000BE4F7 /* DigTrakt.app */;
			productType = "com.apple.product-type.application";
		};
		8E8035231BD170A3000BE4F7 /* DigTraktTests */ = {
			isa = PBXNativeTarget;
			buildConfigurationList = 8E8035311BD170A3000BE4F7 /* Build configuration list for PBXNativeTarget "DigTraktTests" */;
			buildPhases = (
				8E8035201BD170A3000BE4F7 /* Sources */,
				8E8035211BD170A3000BE4F7 /* Frameworks */,
				8E8035221BD170A3000BE4F7 /* Resources */,
			);
			buildRules = (
			);
			dependencies = (
				8E8035261BD170A3000BE4F7 /* PBXTargetDependency */,
			);
			name = DigTraktTests;
			productName = DigTraktTests;
			productReference = 8E8035241BD170A3000BE4F7 /* DigTraktTests.xctest */;
			productType = "com.apple.product-type.bundle.unit-test";
		};
/* End PBXNativeTarget section */

/* Begin PBXProject section */
		8E8035031BD170A2000BE4F7 /* Project object */ = {
			isa = PBXProject;
			attributes = {
				LastUpgradeCheck = 0610;
				ORGANIZATIONNAME = "Mohamed Gwely";
				TargetAttributes = {
					8E80350A1BD170A2000BE4F7 = {
						CreatedOnToolsVersion = 6.1.1;
					};
					8E8035231BD170A3000BE4F7 = {
						CreatedOnToolsVersion = 6.1.1;
						TestTargetID = 8E80350A1BD170A2000BE4F7;
					};
				};
			};
			buildConfigurationList = 8E8035061BD170A2000BE4F7 /* Build configuration list for PBXProject "DigTrakt" */;
			compatibilityVersion = "Xcode 3.2";
			developmentRegion = English;
			hasScannedForEncodings = 0;
			knownRegions = (
				en,
				Base,
			);
			mainGroup = 8E8035021BD170A2000BE4F7;
			productRefGroup = 8E80350C1BD170A2000BE4F7 /* Products */;
			projectDirPath = "";
			projectRoot = "";
			targets = (
				8E80350A1BD170A2000BE4F7 /* DigTrakt */,
				8E8035231BD170A3000BE4F7 /* DigTraktTests */,
			);
		};
/* End PBXProject section */

/* Begin PBXResourcesBuildPhase section */
		8E8035091BD170A2000BE4F7 /* Resources */ = {
			isa = PBXResourcesBuildPhase;
			buildActionMask = 2147483647;
			files = (
				8E80351A1BD170A3000BE4F7 /* Main.storyboard in Resources */,
				8E80351F1BD170A3000BE4F7 /* LaunchScreen.xib in Resources */,
				8E733D0D1BD4128600DF108A /* SearchResultCell.xib in Resources */,
				8E733D151BD4277F00DF108A /* NothingFoundCell.xib in Resources */,
				8E80351C1BD170A3000BE4F7 /* Images.xcassets in Resources */,
			);
			runOnlyForDeploymentPostprocessing = 0;
		};
		8E8035221BD170A3000BE4F7 /* Resources */ = {
			isa = PBXResourcesBuildPhase;
			buildActionMask = 2147483647;
			files = (
			);
			runOnlyForDeploymentPostprocessing = 0;
		};
/* End PBXResourcesBuildPhase section */

/* Begin PBXShellScriptBuildPhase section */
		1DDA45C671F1F1AEAD57085C /* Embed Pods Frameworks */ = {
			isa = PBXShellScriptBuildPhase;
			buildActionMask = 2147483647;
			files = (
			);
			inputPaths = (
			);
			name = "Embed Pods Frameworks";
			outputPaths = (
			);
			runOnlyForDeploymentPostprocessing = 0;
			shellPath = /bin/sh;
			shellScript = "\"${SRCROOT}/Pods/Target Support Files/Pods-DigTrakt/Pods-DigTrakt-frameworks.sh\"\n";
			showEnvVarsInLog = 0;
		};
		8EE4EC569A4420EFE5C59F37 /* Check Pods Manifest.lock */ = {
			isa = PBXShellScriptBuildPhase;
			buildActionMask = 2147483647;
			files = (
			);
			inputPaths = (
			);
			name = "Check Pods Manifest.lock";
			outputPaths = (
			);
			runOnlyForDeploymentPostprocessing = 0;
			shellPath = /bin/sh;
			shellScript = "diff \"${PODS_ROOT}/../Podfile.lock\" \"${PODS_ROOT}/Manifest.lock\" > /dev/null\nif [[ $? != 0 ]] ; then\n    cat << EOM\nerror: The sandbox is not in sync with the Podfile.lock. Run 'pod install' or update your CocoaPods installation.\nEOM\n    exit 1\nfi\n";
			showEnvVarsInLog = 0;
		};
		8F7A1DE9050CE613D9A57AB5 /* Copy Pods Resources */ = {
			isa = PBXShellScriptBuildPhase;
			buildActionMask = 2147483647;
			files = (
			);
			inputPaths = (
			);
			name = "Copy Pods Resources";
			outputPaths = (
			);
			runOnlyForDeploymentPostprocessing = 0;
			shellPath = /bin/sh;
			shellScript = "\"${SRCROOT}/Pods/Target Support Files/Pods-DigTrakt/Pods-DigTrakt-resources.sh\"\n";
			showEnvVarsInLog = 0;
		};
/* End PBXShellScriptBuildPhase section */

/* Begin PBXSourcesBuildPhase section */
		8E8035071BD170A2000BE4F7 /* Sources */ = {
			isa = PBXSourcesBuildPhase;
			buildActionMask = 2147483647;
			files = (
				8E733D071BD4038400DF108A /* Movie.m in Sources */,
				8E8035171BD170A2000BE4F7 /* SearchViewController.m in Sources */,
				8E733D031BD3CC5000DF108A /* TraktAPIClient.m in Sources */,
				8E8035141BD170A2000BE4F7 /* AppDelegate.m in Sources */,
				8E8035111BD170A2000BE4F7 /* main.m in Sources */,
				8E733D131BD41EAC00DF108A /* SearchResultCell.m in Sources */,
				8ECA76AD1BD2940D00784C5E /* Constants.m in Sources */,
			);
			runOnlyForDeploymentPostprocessing = 0;
		};
		8E8035201BD170A3000BE4F7 /* Sources */ = {
			isa = PBXSourcesBuildPhase;
			buildActionMask = 2147483647;
			files = (
				8E80352B1BD170A3000BE4F7 /* DigTraktTests.m in Sources */,
			);
			runOnlyForDeploymentPostprocessing = 0;
		};
/* End PBXSourcesBuildPhase section */

/* Begin PBXTargetDependency section */
		8E8035261BD170A3000BE4F7 /* PBXTargetDependency */ = {
			isa = PBXTargetDependency;
			target = 8E80350A1BD170A2000BE4F7 /* DigTrakt */;
			targetProxy = 8E8035251BD170A3000BE4F7 /* PBXContainerItemProxy */;
		};
/* End PBXTargetDependency section */

/* Begin PBXVariantGroup section */
		8E8035181BD170A2000BE4F7 /* Main.storyboard */ = {
			isa = PBXVariantGroup;
			children = (
				8E8035191BD170A3000BE4F7 /* Base */,
			);
			name = Main.storyboard;
			sourceTree = "<group>";
		};
		8E80351D1BD170A3000BE4F7 /* LaunchScreen.xib */ = {
			isa = PBXVariantGroup;
			children = (
				8E80351E1BD170A3000BE4F7 /* Base */,
			);
			name = LaunchScreen.xib;
			sourceTree = "<group>";
		};
/* End PBXVariantGroup section */

/* Begin XCBuildConfiguration section */
		8E80352C1BD170A3000BE4F7 /* Debug */ = {
			isa = XCBuildConfiguration;
			buildSettings = {
				ALWAYS_SEARCH_USER_PATHS = NO;
				CLANG_CXX_LANGUAGE_STANDARD = "gnu++0x";
				CLANG_CXX_LIBRARY = "libc++";
				CLANG_ENABLE_MODULES = YES;
				CLANG_ENABLE_OBJC_ARC = YES;
				CLANG_WARN_BOOL_CONVERSION = YES;
				CLANG_WARN_CONSTANT_CONVERSION = YES;
				CLANG_WARN_DIRECT_OBJC_ISA_USAGE = YES_ERROR;
				CLANG_WARN_EMPTY_BODY = YES;
				CLANG_WARN_ENUM_CONVERSION = YES;
				CLANG_WARN_INT_CONVERSION = YES;
				CLANG_WARN_OBJC_ROOT_CLASS = YES_ERROR;
				CLANG_WARN_UNREACHABLE_CODE = YES;
				CLANG_WARN__DUPLICATE_METHOD_MATCH = YES;
				"CODE_SIGN_IDENTITY[sdk=iphoneos*]" = "iPhone Developer";
				COPY_PHASE_STRIP = NO;
				ENABLE_STRICT_OBJC_MSGSEND = YES;
				GCC_C_LANGUAGE_STANDARD = gnu99;
				GCC_DYNAMIC_NO_PIC = NO;
				GCC_OPTIMIZATION_LEVEL = 0;
				GCC_PREPROCESSOR_DEFINITIONS = (
					"DEBUG=1",
					"$(inherited)",
				);
				GCC_SYMBOLS_PRIVATE_EXTERN = NO;
				GCC_WARN_64_TO_32_BIT_CONVERSION = YES;
				GCC_WARN_ABOUT_RETURN_TYPE = YES_ERROR;
				GCC_WARN_UNDECLARED_SELECTOR = YES;
				GCC_WARN_UNINITIALIZED_AUTOS = YES_AGGRESSIVE;
				GCC_WARN_UNUSED_FUNCTION = YES;
				GCC_WARN_UNUSED_VARIABLE = YES;
				IPHONEOS_DEPLOYMENT_TARGET = 8.1;
				MTL_ENABLE_DEBUG_INFO = YES;
				ONLY_ACTIVE_ARCH = YES;
				SDKROOT = iphoneos;
			};
			name = Debug;
		};
		8E80352D1BD170A3000BE4F7 /* Release */ = {
			isa = XCBuildConfiguration;
			buildSettings = {
				ALWAYS_SEARCH_USER_PATHS = NO;
				CLANG_CXX_LANGUAGE_STANDARD = "gnu++0x";
				CLANG_CXX_LIBRARY = "libc++";
				CLANG_ENABLE_MODULES = YES;
				CLANG_ENABLE_OBJC_ARC = YES;
				CLANG_WARN_BOOL_CONVERSION = YES;
				CLANG_WARN_CONSTANT_CONVERSION = YES;
				CLANG_WARN_DIRECT_OBJC_ISA_USAGE = YES_ERROR;
				CLANG_WARN_EMPTY_BODY = YES;
				CLANG_WARN_ENUM_CONVERSION = YES;
				CLANG_WARN_INT_CONVERSION = YES;
				CLANG_WARN_OBJC_ROOT_CLASS = YES_ERROR;
				CLANG_WARN_UNREACHABLE_CODE = YES;
				CLANG_WARN__DUPLICATE_METHOD_MATCH = YES;
				"CODE_SIGN_IDENTITY[sdk=iphoneos*]" = "iPhone Developer";
				COPY_PHASE_STRIP = YES;
				ENABLE_NS_ASSERTIONS = NO;
				ENABLE_STRICT_OBJC_MSGSEND = YES;
				GCC_C_LANGUAGE_STANDARD = gnu99;
				GCC_WARN_64_TO_32_BIT_CONVERSION = YES;
				GCC_WARN_ABOUT_RETURN_TYPE = YES_ERROR;
				GCC_WARN_UNDECLARED_SELECTOR = YES;
				GCC_WARN_UNINITIALIZED_AUTOS = YES_AGGRESSIVE;
				GCC_WARN_UNUSED_FUNCTION = YES;
				GCC_WARN_UNUSED_VARIABLE = YES;
				IPHONEOS_DEPLOYMENT_TARGET = 8.1;
				MTL_ENABLE_DEBUG_INFO = NO;
				SDKROOT = iphoneos;
				VALIDATE_PRODUCT = YES;
			};
			name = Release;
		};
		8E80352F1BD170A3000BE4F7 /* Debug */ = {
			isa = XCBuildConfiguration;
			baseConfigurationReference = CCCE97FADBAB75ACBDEBA50C /* Pods-DigTrakt.debug.xcconfig */;
			buildSettings = {
				ASSETCATALOG_COMPILER_APPICON_NAME = AppIcon;
				INFOPLIST_FILE = DigTrakt/Info.plist;
				LD_RUNPATH_SEARCH_PATHS = "$(inherited) @executable_path/Frameworks";
				PRODUCT_NAME = "$(TARGET_NAME)";
			};
			name = Debug;
		};
		8E8035301BD170A3000BE4F7 /* Release */ = {
			isa = XCBuildConfiguration;
			baseConfigurationReference = CDDA26B38442169E2ABCDEF1 /* Pods-DigTrakt.release.xcconfig */;
			buildSettings = {
				ASSETCATALOG_COMPILER_APPICON_NAME = AppIcon;
				INFOPLIST_FILE = DigTrakt/Info.plist;
				LD_RUNPATH_SEARCH_PATHS = "$(inherited) @executable_path/Frameworks";
				PRODUCT_NAME = "$(TARGET_NAME)";
			};
			name = Release;
		};
		8E8035321BD170A3000BE4F7 /* Debug */ = {
			isa = XCBuildConfiguration;
			buildSettings = {
				BUNDLE_LOADER = "$(TEST_HOST)";
				FRAMEWORK_SEARCH_PATHS = (
					"$(SDKROOT)/Developer/Library/Frameworks",
					"$(inherited)",
				);
				GCC_PREPROCESSOR_DEFINITIONS = (
					"DEBUG=1",
					"$(inherited)",
				);
				INFOPLIST_FILE = DigTraktTests/Info.plist;
				LD_RUNPATH_SEARCH_PATHS = "$(inherited) @executable_path/Frameworks @loader_path/Frameworks";
				PRODUCT_NAME = "$(TARGET_NAME)";
				TEST_HOST = "$(BUILT_PRODUCTS_DIR)/DigTrakt.app/DigTrakt";
			};
			name = Debug;
		};
		8E8035331BD170A3000BE4F7 /* Release */ = {
			isa = XCBuildConfiguration;
			buildSettings = {
				BUNDLE_LOADER = "$(TEST_HOST)";
				FRAMEWORK_SEARCH_PATHS = (
					"$(SDKROOT)/Developer/Library/Frameworks",
					"$(inherited)",
				);
				INFOPLIST_FILE = DigTraktTests/Info.plist;
				LD_RUNPATH_SEARCH_PATHS = "$(inherited) @executable_path/Frameworks @loader_path/Frameworks";
				PRODUCT_NAME = "$(TARGET_NAME)";
				TEST_HOST = "$(BUILT_PRODUCTS_DIR)/DigTrakt.app/DigTrakt";
			};
			name = Release;
		};
/* End XCBuildConfiguration section */

/* Begin XCConfigurationList section */
		8E8035061BD170A2000BE4F7 /* Build configuration list for PBXProject "DigTrakt" */ = {
			isa = XCConfigurationList;
			buildConfigurations = (
				8E80352C1BD170A3000BE4F7 /* Debug */,
				8E80352D1BD170A3000BE4F7 /* Release */,
			);
			defaultConfigurationIsVisible = 0;
			defaultConfigurationName = Release;
		};
		8E80352E1BD170A3000BE4F7 /* Build configuration list for PBXNativeTarget "DigTrakt" */ = {
			isa = XCConfigurationList;
			buildConfigurations = (
				8E80352F1BD170A3000BE4F7 /* Debug */,
				8E8035301BD170A3000BE4F7 /* Release */,
			);
			defaultConfigurationIsVisible = 0;
			defaultConfigurationName = Release;
		};
		8E8035311BD170A3000BE4F7 /* Build configuration list for PBXNativeTarget "DigTraktTests" */ = {
			isa = XCConfigurationList;
			buildConfigurations = (
				8E8035321BD170A3000BE4F7 /* Debug */,
				8E8035331BD170A3000BE4F7 /* Release */,
			);
			defaultConfigurationIsVisible = 0;
			defaultConfigurationName = Release;
		};
/* End XCConfigurationList section */
	};
	rootObject = 8E8035031BD170A2000BE4F7 /* Project object */;
}
